{
  "name": "fp-user-registration",
  "version": "1.0.0",
  "lockfileVersion": 2,
  "requires": true,
  "packages": {
    "": {
      "name": "fp-user-registration",
      "version": "1.0.0",
      "license": "ISC",
      "devDependencies": {
        "fp-ts": "^2.15.0",
        "newtype-ts": "^0.3.5"
      }
    },
    "node_modules/fp-ts": {
      "version": "2.15.0",
      "resolved": "https://registry.npmjs.org/fp-ts/-/fp-ts-2.15.0.tgz",
      "integrity": "sha512-3o6EllAvGuCsDgjM+frscLKDRPR9pqbrg13tJ13z86F4eni913kBV8h85rM6zpu2fEvJ8RWA0ouYlUWwHEmxTg==",
      "dev": true
    },
    "node_modules/monocle-ts": {
      "version": "2.3.13",
      "resolved": "https://registry.npmjs.org/monocle-ts/-/monocle-ts-2.3.13.tgz",
      "integrity": "sha512-D5Ygd3oulEoAm3KuGO0eeJIrhFf1jlQIoEVV2DYsZUMz42j4tGxgct97Aq68+F8w4w4geEnwFa8HayTS/7lpKQ==",
      "dev": true,
      "peer": true,
      "peerDependencies": {
        "fp-ts": "^2.5.0"
      }
    },
    "node_modules/newtype-ts": {
      "version": "0.3.5",
      "resolved": "https://registry.npmjs.org/newtype-ts/-/newtype-ts-0.3.5.tgz",
      "integrity": "sha512-v83UEQMlVR75yf1OUdoSFssjitxzjZlqBAjiGQ4WJaML8Jdc68LJ+BaSAXUmKY4bNzp7hygkKLYTsDi14PxI2g==",
      "dev": true,
      "peerDependencies": {
        "fp-ts": "^2.0.0",
        "monocle-ts": "^2.0.0"
      }
    }
  },
  "dependencies": {
    "fp-ts": {
      "version": "2.15.0",
      "resolved": "https://registry.npmjs.org/fp-ts/-/fp-ts-2.15.0.tgz",
      "integrity": "sha512-3o6EllAvGuCsDgjM+frscLKDRPR9pqbrg13tJ13z86F4eni913kBV8h85rM6zpu2fEvJ8RWA0ouYlUWwHEmxTg==",
      "dev": true
    },
    "monocle-ts": {
      "version": "2.3.13",
      "resolved": "https://registry.npmjs.org/monocle-ts/-/monocle-ts-2.3.13.tgz",
      "integrity": "sha512-D5Ygd3oulEoAm3KuGO0eeJIrhFf1jlQIoEVV2DYsZUMz42j4tGxgct97Aq68+F8w4w4geEnwFa8HayTS/7lpKQ==",
      "dev": true,
      "peer": true,
      "requires": {}
    },
    "newtype-ts": {
      "version": "0.3.5",
      "resolved": "https://registry.npmjs.org/newtype-ts/-/newtype-ts-0.3.5.tgz",
      "integrity": "sha512-v83UEQMlVR75yf1OUdoSFssjitxzjZlqBAjiGQ4WJaML8Jdc68LJ+BaSAXUmKY4bNzp7hygkKLYTsDi14PxI2g==",
      "dev": true,
      "requires": {}
    }
  }
}
